
Microsoft Visual Studio Solution File, Format Version 11.00
# Visual Studio 2010
Project("{FAE04EC0-301F-11D3-BF4B-00C04F79EFBC}") = "Tester", "Tester\Tester.csproj", "{9BD4922B-BEC0-4140-8600-35571A479EB2}"
EndProject
Project("{FAE04EC0-301F-11D3-BF4B-00C04F79EFBC}") = "ReusableCode", "ReusableCode\ReusableCode.csproj", "{72729DA3-9933-4C3D-91C6-2CF0336D6493}"
EndProject
Project("{FAE04EC0-301F-11D3-BF4B-00C04F79EFBC}") = "Test", "Test\Test.csproj", "{E79833DB-B2D2-4781-B0FC-79E85DA95BE5}"
EndProject
Project("{FAE04EC0-301F-11D3-BF4B-00C04F79EFBC}") = "Utility", "Utility\Utility.csproj", "{F59DB5BA-CD9F-45D1-B879-4A7661A3FB0A}"
EndProject
Project("{FAE04EC0-301F-11D3-BF4B-00C04F79EFBC}") = "Configuration Handler", "Configuration Handler\Configuration Handler.csproj", "{6E1496AB-268A-4EA2-99B3-726162F019F1}"
EndProject
Project("{2150E333-8FDC-42A3-9474-1A3956D46DE8}") = "Notes", "Notes", "{FF993C95-4FB4-4653-A7F8-35A918C5E59D}"
EndProject
Project("{2150E333-8FDC-42A3-9474-1A3956D46DE8}") = "Solution Items", "Solution Items", "{F94A577A-DE5E-44E6-8395-53C5CE9BEDE3}"
	ProjectSection(SolutionItems) = preProject
		Infinity + 1.vsmdi = Infinity + 1.vsmdi
		Local.testsettings = Local.testsettings
		Performance1.psess = Performance1.psess
		TraceAndTestImpact.testsettings = TraceAndTestImpact.testsettings
	EndProjectSection
EndProject
Project("{FAE04EC0-301F-11D3-BF4B-00C04F79EFBC}") = "Output", "Output\Output.csproj", "{6ECA5199-A497-4BF2-B956-CEB3F0912C17}"
EndProject
Project("{8BC9CEB8-8B4A-11D0-8D11-00A0C91BC942}") = "XAudio2", "Native Code\DirectX\XAudio2\XAudio2.vcxproj", "{FE898E65-DAFF-435D-9A72-4C9D3306636A}"
EndProject
Project("{8BC9CEB8-8B4A-11D0-8D11-00A0C91BC942}") = "Win32 Structures", "Native Code\Win32 Structures\Win32 Structures.vcxproj", "{257201A0-0B65-4EA0-AC04-0B8005AECC37}"
EndProject
Project("{FAE04EC0-301F-11D3-BF4B-00C04F79EFBC}") = "Exception Handler", "Exception Manager\Exception Handler.csproj", "{6EEC2717-FB0D-42D7-BABA-D2C024074B4F}"
EndProject
Project("{2150E333-8FDC-42A3-9474-1A3956D46DE8}") = "Win32", "Win32", "{2D9452D4-316F-405B-B124-006048F5EED9}"
EndProject
Project("{8BC9CEB8-8B4A-11D0-8D11-00A0C91BC942}") = "Direct2D", "Native Code\DirectX\Direct2D\Direct2D.vcxproj", "{44208309-EFE3-4A6F-B0F8-9013A16B20DF}"
EndProject
Project("{2150E333-8FDC-42A3-9474-1A3956D46DE8}") = "Utility Projects", "Utility Projects", "{F486BF8B-E23F-4BE4-B837-9ABC8A5F3BEE}"
EndProject
Project("{2150E333-8FDC-42A3-9474-1A3956D46DE8}") = "User Interface Projects", "User Interface Projects", "{70C59CBB-5228-4CA6-9065-AFD09708840A}"
EndProject
Project("{2150E333-8FDC-42A3-9474-1A3956D46DE8}") = "Testing Projects", "Testing Projects", "{39258658-C7D2-4BA8-998A-50256FCB46B5}"
EndProject
Project("{2150E333-8FDC-42A3-9474-1A3956D46DE8}") = "File Format Projects", "File Format Projects", "{B48DC58F-AF29-427D-B363-0C7DFD067380}"
EndProject
Project("{FAE04EC0-301F-11D3-BF4B-00C04F79EFBC}") = "Infinity Formats", "Infinity Formats\Infinity Formats.csproj", "{3EE5137B-C08F-4337-B089-E20A502C2A0C}"
EndProject
Project("{FAE04EC0-301F-11D3-BF4B-00C04F79EFBC}") = "Basic Formats", "Basic Formats\Basic Formats.csproj", "{4D2A899B-3674-4288-81A8-C8F11636C2DA}"
EndProject
Project("{FAE04EC0-301F-11D3-BF4B-00C04F79EFBC}") = "External Formats", "External Formats\External Formats.csproj", "{FA2C0C9A-6897-41DD-8A32-D29A96B555E6}"
EndProject
Project("{FAE04EC0-301F-11D3-BF4B-00C04F79EFBC}") = "Infinity+ 1 Formats", "Infinity + 1 Formats\Infinity+ 1 Formats.csproj", "{F2085177-9356-43EE-9744-85AA2FFCACEE}"
EndProject
Project("{FAE04EC0-301F-11D3-BF4B-00C04F79EFBC}") = "Unit Testing", "Unit Testing\Unit Testing.csproj", "{61DCF1C6-109C-4886-A10A-FEE95DE901CA}"
EndProject
Global
	GlobalSection(TeamFoundationVersionControl) = preSolution
		SccNumberOfProjects = 16
		SccEnterpriseProvider = {4CA58AB2-18FA-4F8D-95D4-32DDF27D184C}
		SccTeamFoundationServer = http://bardezserver:8080/tfs/defaultcollection
		SccLocalPath0 = .
		SccProjectUniqueName1 = Native\u0020Code\\DirectX\\Direct2D\\Direct2D.vcxproj
		SccProjectTopLevelParentUniqueName1 = Infinity\u0020+\u00201.sln
		SccProjectName1 = Native\u0020Code/DirectX/Direct2D
		SccLocalPath1 = Native\u0020Code\\DirectX\\Direct2D
		SccProjectUniqueName2 = Exception\u0020Manager\\Exception\u0020Handler.csproj
		SccProjectTopLevelParentUniqueName2 = Infinity\u0020+\u00201.sln
		SccProjectName2 = Exception\u0020Manager
		SccLocalPath2 = Exception\u0020Manager
		SccProjectUniqueName3 = Native\u0020Code\\Win32\u0020Structures\\Win32\u0020Structures.vcxproj
		SccProjectTopLevelParentUniqueName3 = Infinity\u0020+\u00201.sln
		SccProjectName3 = Native\u0020Code/Win32\u0020Structures
		SccLocalPath3 = Native\u0020Code\\Win32\u0020Structures
		SccProjectUniqueName4 = Output\\Output.csproj
		SccProjectTopLevelParentUniqueName4 = Infinity\u0020+\u00201.sln
		SccProjectName4 = Output
		SccLocalPath4 = Output
		SccProjectUniqueName5 = Configuration\u0020Handler\\Configuration\u0020Handler.csproj
		SccProjectTopLevelParentUniqueName5 = Infinity\u0020+\u00201.sln
		SccProjectName5 = Configuration\u0020Handler
		SccLocalPath5 = Configuration\u0020Handler
		SccProjectUniqueName6 = Utility\\Utility.csproj
		SccProjectTopLevelParentUniqueName6 = Infinity\u0020+\u00201.sln
		SccProjectName6 = Utility
		SccLocalPath6 = Utility
		SccProjectUniqueName7 = Test\\Test.csproj
		SccProjectTopLevelParentUniqueName7 = Infinity\u0020+\u00201.sln
		SccProjectName7 = Test
		SccLocalPath7 = Test
		SccProjectUniqueName8 = ReusableCode\\ReusableCode.csproj
		SccProjectTopLevelParentUniqueName8 = Infinity\u0020+\u00201.sln
		SccProjectName8 = ReusableCode
		SccLocalPath8 = ReusableCode
		SccProjectUniqueName9 = Tester\\Tester.csproj
		SccProjectTopLevelParentUniqueName9 = Infinity\u0020+\u00201.sln
		SccProjectName9 = Tester
		SccLocalPath9 = Tester
		SccProjectUniqueName10 = Infinity\u0020Formats\\Infinity\u0020Formats.csproj
		SccProjectTopLevelParentUniqueName10 = Infinity\u0020+\u00201.sln
		SccProjectName10 = Infinity\u0020Formats
		SccLocalPath10 = Infinity\u0020Formats
		SccProjectUniqueName11 = Basic\u0020Formats\\Basic\u0020Formats.csproj
		SccProjectTopLevelParentUniqueName11 = Infinity\u0020+\u00201.sln
		SccProjectName11 = Basic\u0020Formats
		SccLocalPath11 = Basic\u0020Formats
		SccProjectUniqueName12 = External\u0020Formats\\External\u0020Formats.csproj
		SccProjectTopLevelParentUniqueName12 = Infinity\u0020+\u00201.sln
		SccProjectName12 = External\u0020Formats
		SccLocalPath12 = External\u0020Formats
		SccProjectUniqueName13 = Native\u0020Code\\DirectX\\XAudio2\\XAudio2.vcxproj
		SccProjectTopLevelParentUniqueName13 = Infinity\u0020+\u00201.sln
		SccProjectName13 = Native\u0020Code/DirectX/XAudio2
		SccLocalPath13 = Native\u0020Code\\DirectX\\XAudio2
		SccProjectUniqueName14 = Infinity\u0020+\u00201\u0020Formats\\Infinity+\u00201\u0020Formats.csproj
		SccProjectTopLevelParentUniqueName14 = Infinity\u0020+\u00201.sln
		SccProjectName14 = Infinity\u0020+\u00201\u0020Formats
		SccLocalPath14 = Infinity\u0020+\u00201\u0020Formats
		SccProjectUniqueName15 = Unit\u0020Testing\\Unit\u0020Testing.csproj
		SccProjectTopLevelParentUniqueName15 = Infinity\u0020+\u00201.sln
		SccProjectName15 = Unit\u0020Testing
		SccLocalPath15 = Unit\u0020Testing
	EndGlobalSection
	GlobalSection(SolutionConfigurationPlatforms) = preSolution
		Debug|Any CPU = Debug|Any CPU
		Debug|Mixed Platforms = Debug|Mixed Platforms
		Debug|Win32 = Debug|Win32
		Debug|x86 = Debug|x86
		Release|Any CPU = Release|Any CPU
		Release|Mixed Platforms = Release|Mixed Platforms
		Release|Win32 = Release|Win32
		Release|x86 = Release|x86
	EndGlobalSection
	GlobalSection(ProjectConfigurationPlatforms) = postSolution
		{9BD4922B-BEC0-4140-8600-35571A479EB2}.Debug|Any CPU.ActiveCfg = Debug|Any CPU
		{9BD4922B-BEC0-4140-8600-35571A479EB2}.Debug|Any CPU.Build.0 = Debug|Any CPU
		{9BD4922B-BEC0-4140-8600-35571A479EB2}.Debug|Mixed Platforms.ActiveCfg = Debug|Any CPU
		{9BD4922B-BEC0-4140-8600-35571A479EB2}.Debug|Mixed Platforms.Build.0 = Debug|Any CPU
		{9BD4922B-BEC0-4140-8600-35571A479EB2}.Debug|Win32.ActiveCfg = Debug|Any CPU
		{9BD4922B-BEC0-4140-8600-35571A479EB2}.Debug|x86.ActiveCfg = Debug|Any CPU
		{9BD4922B-BEC0-4140-8600-35571A479EB2}.Release|Any CPU.ActiveCfg = Release|Any CPU
		{9BD4922B-BEC0-4140-8600-35571A479EB2}.Release|Any CPU.Build.0 = Release|Any CPU
		{9BD4922B-BEC0-4140-8600-35571A479EB2}.Release|Mixed Platforms.ActiveCfg = Release|Any CPU
		{9BD4922B-BEC0-4140-8600-35571A479EB2}.Release|Mixed Platforms.Build.0 = Release|Any CPU
		{9BD4922B-BEC0-4140-8600-35571A479EB2}.Release|Win32.ActiveCfg = Release|Any CPU
		{9BD4922B-BEC0-4140-8600-35571A479EB2}.Release|x86.ActiveCfg = Release|Any CPU
		{72729DA3-9933-4C3D-91C6-2CF0336D6493}.Debug|Any CPU.ActiveCfg = Debug|Any CPU
		{72729DA3-9933-4C3D-91C6-2CF0336D6493}.Debug|Any CPU.Build.0 = Debug|Any CPU
		{72729DA3-9933-4C3D-91C6-2CF0336D6493}.Debug|Mixed Platforms.ActiveCfg = Debug|Any CPU
		{72729DA3-9933-4C3D-91C6-2CF0336D6493}.Debug|Mixed Platforms.Build.0 = Debug|Any CPU
		{72729DA3-9933-4C3D-91C6-2CF0336D6493}.Debug|Win32.ActiveCfg = Debug|Any CPU
		{72729DA3-9933-4C3D-91C6-2CF0336D6493}.Debug|x86.ActiveCfg = Debug|Any CPU
		{72729DA3-9933-4C3D-91C6-2CF0336D6493}.Release|Any CPU.ActiveCfg = Release|Any CPU
		{72729DA3-9933-4C3D-91C6-2CF0336D6493}.Release|Any CPU.Build.0 = Release|Any CPU
		{72729DA3-9933-4C3D-91C6-2CF0336D6493}.Release|Mixed Platforms.ActiveCfg = Release|Any CPU
		{72729DA3-9933-4C3D-91C6-2CF0336D6493}.Release|Mixed Platforms.Build.0 = Release|Any CPU
		{72729DA3-9933-4C3D-91C6-2CF0336D6493}.Release|Win32.ActiveCfg = Release|Any CPU
		{72729DA3-9933-4C3D-91C6-2CF0336D6493}.Release|x86.ActiveCfg = Release|Any CPU
		{E79833DB-B2D2-4781-B0FC-79E85DA95BE5}.Debug|Any CPU.ActiveCfg = Debug|Any CPU
		{E79833DB-B2D2-4781-B0FC-79E85DA95BE5}.Debug|Any CPU.Build.0 = Debug|Any CPU
		{E79833DB-B2D2-4781-B0FC-79E85DA95BE5}.Debug|Mixed Platforms.ActiveCfg = Debug|Any CPU
		{E79833DB-B2D2-4781-B0FC-79E85DA95BE5}.Debug|Mixed Platforms.Build.0 = Debug|Any CPU
		{E79833DB-B2D2-4781-B0FC-79E85DA95BE5}.Debug|Win32.ActiveCfg = Debug|Any CPU
		{E79833DB-B2D2-4781-B0FC-79E85DA95BE5}.Debug|x86.ActiveCfg = Debug|Any CPU
		{E79833DB-B2D2-4781-B0FC-79E85DA95BE5}.Release|Any CPU.ActiveCfg = Release|Any CPU
		{E79833DB-B2D2-4781-B0FC-79E85DA95BE5}.Release|Any CPU.Build.0 = Release|Any CPU
		{E79833DB-B2D2-4781-B0FC-79E85DA95BE5}.Release|Mixed Platforms.ActiveCfg = Release|Any CPU
		{E79833DB-B2D2-4781-B0FC-79E85DA95BE5}.Release|Mixed Platforms.Build.0 = Release|Any CPU
		{E79833DB-B2D2-4781-B0FC-79E85DA95BE5}.Release|Win32.ActiveCfg = Release|Any CPU
		{E79833DB-B2D2-4781-B0FC-79E85DA95BE5}.Release|x86.ActiveCfg = Release|Any CPU
		{F59DB5BA-CD9F-45D1-B879-4A7661A3FB0A}.Debug|Any CPU.ActiveCfg = Debug|Any CPU
		{F59DB5BA-CD9F-45D1-B879-4A7661A3FB0A}.Debug|Any CPU.Build.0 = Debug|Any CPU
		{F59DB5BA-CD9F-45D1-B879-4A7661A3FB0A}.Debug|Mixed Platforms.ActiveCfg = Debug|Any CPU
		{F59DB5BA-CD9F-45D1-B879-4A7661A3FB0A}.Debug|Mixed Platforms.Build.0 = Debug|Any CPU
		{F59DB5BA-CD9F-45D1-B879-4A7661A3FB0A}.Debug|Win32.ActiveCfg = Debug|Any CPU
		{F59DB5BA-CD9F-45D1-B879-4A7661A3FB0A}.Debug|x86.ActiveCfg = Debug|Any CPU
		{F59DB5BA-CD9F-45D1-B879-4A7661A3FB0A}.Release|Any CPU.ActiveCfg = Release|Any CPU
		{F59DB5BA-CD9F-45D1-B879-4A7661A3FB0A}.Release|Any CPU.Build.0 = Release|Any CPU
		{F59DB5BA-CD9F-45D1-B879-4A7661A3FB0A}.Release|Mixed Platforms.ActiveCfg = Release|Any CPU
		{F59DB5BA-CD9F-45D1-B879-4A7661A3FB0A}.Release|Mixed Platforms.Build.0 = Release|Any CPU
		{F59DB5BA-CD9F-45D1-B879-4A7661A3FB0A}.Release|Win32.ActiveCfg = Release|Any CPU
		{F59DB5BA-CD9F-45D1-B879-4A7661A3FB0A}.Release|x86.ActiveCfg = Release|Any CPU
		{6E1496AB-268A-4EA2-99B3-726162F019F1}.Debug|Any CPU.ActiveCfg = Debug|Any CPU
		{6E1496AB-268A-4EA2-99B3-726162F019F1}.Debug|Any CPU.Build.0 = Debug|Any CPU
		{6E1496AB-268A-4EA2-99B3-726162F019F1}.Debug|Mixed Platforms.ActiveCfg = Debug|Any CPU
		{6E1496AB-268A-4EA2-99B3-726162F019F1}.Debug|Mixed Platforms.Build.0 = Debug|Any CPU
		{6E1496AB-268A-4EA2-99B3-726162F019F1}.Debug|Win32.ActiveCfg = Debug|Any CPU
		{6E1496AB-268A-4EA2-99B3-726162F019F1}.Debug|x86.ActiveCfg = Debug|Any CPU
		{6E1496AB-268A-4EA2-99B3-726162F019F1}.Release|Any CPU.ActiveCfg = Release|Any CPU
		{6E1496AB-268A-4EA2-99B3-726162F019F1}.Release|Any CPU.Build.0 = Release|Any CPU
		{6E1496AB-268A-4EA2-99B3-726162F019F1}.Release|Mixed Platforms.ActiveCfg = Release|Any CPU
		{6E1496AB-268A-4EA2-99B3-726162F019F1}.Release|Mixed Platforms.Build.0 = Release|Any CPU
		{6E1496AB-268A-4EA2-99B3-726162F019F1}.Release|Win32.ActiveCfg = Release|Any CPU
		{6E1496AB-268A-4EA2-99B3-726162F019F1}.Release|x86.ActiveCfg = Release|Any CPU
		{6ECA5199-A497-4BF2-B956-CEB3F0912C17}.Debug|Any CPU.ActiveCfg = Debug|Any CPU
		{6ECA5199-A497-4BF2-B956-CEB3F0912C17}.Debug|Any CPU.Build.0 = Debug|Any CPU
		{6ECA5199-A497-4BF2-B956-CEB3F0912C17}.Debug|Mixed Platforms.ActiveCfg = Debug|Any CPU
		{6ECA5199-A497-4BF2-B956-CEB3F0912C17}.Debug|Mixed Platforms.Build.0 = Debug|Any CPU
		{6ECA5199-A497-4BF2-B956-CEB3F0912C17}.Debug|Win32.ActiveCfg = Debug|Any CPU
		{6ECA5199-A497-4BF2-B956-CEB3F0912C17}.Debug|x86.ActiveCfg = Debug|Any CPU
		{6ECA5199-A497-4BF2-B956-CEB3F0912C17}.Release|Any CPU.ActiveCfg = Release|Any CPU
		{6ECA5199-A497-4BF2-B956-CEB3F0912C17}.Release|Any CPU.Build.0 = Release|Any CPU
		{6ECA5199-A497-4BF2-B956-CEB3F0912C17}.Release|Mixed Platforms.ActiveCfg = Release|Any CPU
		{6ECA5199-A497-4BF2-B956-CEB3F0912C17}.Release|Mixed Platforms.Build.0 = Release|Any CPU
		{6ECA5199-A497-4BF2-B956-CEB3F0912C17}.Release|Win32.ActiveCfg = Release|Any CPU
		{6ECA5199-A497-4BF2-B956-CEB3F0912C17}.Release|x86.ActiveCfg = Release|Any CPU
		{FE898E65-DAFF-435D-9A72-4C9D3306636A}.Debug|Any CPU.ActiveCfg = Debug|Win32
		{FE898E65-DAFF-435D-9A72-4C9D3306636A}.Debug|Mixed Platforms.ActiveCfg = Debug|Win32
		{FE898E65-DAFF-435D-9A72-4C9D3306636A}.Debug|Mixed Platforms.Build.0 = Debug|Win32
		{FE898E65-DAFF-435D-9A72-4C9D3306636A}.Debug|Win32.ActiveCfg = Debug|Win32
		{FE898E65-DAFF-435D-9A72-4C9D3306636A}.Debug|Win32.Build.0 = Debug|Win32
		{FE898E65-DAFF-435D-9A72-4C9D3306636A}.Debug|x86.ActiveCfg = Debug|Win32
		{FE898E65-DAFF-435D-9A72-4C9D3306636A}.Release|Any CPU.ActiveCfg = Release|Win32
		{FE898E65-DAFF-435D-9A72-4C9D3306636A}.Release|Mixed Platforms.ActiveCfg = Release|Win32
		{FE898E65-DAFF-435D-9A72-4C9D3306636A}.Release|Mixed Platforms.Build.0 = Release|Win32
		{FE898E65-DAFF-435D-9A72-4C9D3306636A}.Release|Win32.ActiveCfg = Release|Win32
		{FE898E65-DAFF-435D-9A72-4C9D3306636A}.Release|Win32.Build.0 = Release|Win32
		{FE898E65-DAFF-435D-9A72-4C9D3306636A}.Release|x86.ActiveCfg = Release|Win32
		{257201A0-0B65-4EA0-AC04-0B8005AECC37}.Debug|Any CPU.ActiveCfg = Debug|Win32
		{257201A0-0B65-4EA0-AC04-0B8005AECC37}.Debug|Mixed Platforms.ActiveCfg = Debug|Win32
		{257201A0-0B65-4EA0-AC04-0B8005AECC37}.Debug|Mixed Platforms.Build.0 = Debug|Win32
		{257201A0-0B65-4EA0-AC04-0B8005AECC37}.Debug|Win32.ActiveCfg = Debug|Win32
		{257201A0-0B65-4EA0-AC04-0B8005AECC37}.Debug|Win32.Build.0 = Debug|Win32
		{257201A0-0B65-4EA0-AC04-0B8005AECC37}.Debug|x86.ActiveCfg = Debug|Win32
		{257201A0-0B65-4EA0-AC04-0B8005AECC37}.Release|Any CPU.ActiveCfg = Release|Win32
		{257201A0-0B65-4EA0-AC04-0B8005AECC37}.Release|Mixed Platforms.ActiveCfg = Release|Win32
		{257201A0-0B65-4EA0-AC04-0B8005AECC37}.Release|Mixed Platforms.Build.0 = Release|Win32
		{257201A0-0B65-4EA0-AC04-0B8005AECC37}.Release|Win32.ActiveCfg = Release|Win32
		{257201A0-0B65-4EA0-AC04-0B8005AECC37}.Release|Win32.Build.0 = Release|Win32
		{257201A0-0B65-4EA0-AC04-0B8005AECC37}.Release|x86.ActiveCfg = Release|Win32
		{6EEC2717-FB0D-42D7-BABA-D2C024074B4F}.Debug|Any CPU.ActiveCfg = Debug|Any CPU
		{6EEC2717-FB0D-42D7-BABA-D2C024074B4F}.Debug|Any CPU.Build.0 = Debug|Any CPU
		{6EEC2717-FB0D-42D7-BABA-D2C024074B4F}.Debug|Mixed Platforms.ActiveCfg = Debug|Any CPU
		{6EEC2717-FB0D-42D7-BABA-D2C024074B4F}.Debug|Mixed Platforms.Build.0 = Debug|Any CPU
		{6EEC2717-FB0D-42D7-BABA-D2C024074B4F}.Debug|Win32.ActiveCfg = Debug|Any CPU
		{6EEC2717-FB0D-42D7-BABA-D2C024074B4F}.Debug|x86.ActiveCfg = Debug|Any CPU
		{6EEC2717-FB0D-42D7-BABA-D2C024074B4F}.Release|Any CPU.ActiveCfg = Release|Any CPU
		{6EEC2717-FB0D-42D7-BABA-D2C024074B4F}.Release|Any CPU.Build.0 = Release|Any CPU
		{6EEC2717-FB0D-42D7-BABA-D2C024074B4F}.Release|Mixed Platforms.ActiveCfg = Release|Any CPU
		{6EEC2717-FB0D-42D7-BABA-D2C024074B4F}.Release|Mixed Platforms.Build.0 = Release|Any CPU
		{6EEC2717-FB0D-42D7-BABA-D2C024074B4F}.Release|Win32.ActiveCfg = Release|Any CPU
		{6EEC2717-FB0D-42D7-BABA-D2C024074B4F}.Release|x86.ActiveCfg = Release|Any CPU
		{44208309-EFE3-4A6F-B0F8-9013A16B20DF}.Debug|Any CPU.ActiveCfg = Debug|Win32
		{44208309-EFE3-4A6F-B0F8-9013A16B20DF}.Debug|Mixed Platforms.ActiveCfg = Debug|Win32
		{44208309-EFE3-4A6F-B0F8-9013A16B20DF}.Debug|Mixed Platforms.Build.0 = Debug|Win32
		{44208309-EFE3-4A6F-B0F8-9013A16B20DF}.Debug|Win32.ActiveCfg = Debug|Win32
		{44208309-EFE3-4A6F-B0F8-9013A16B20DF}.Debug|Win32.Build.0 = Debug|Win32
		{44208309-EFE3-4A6F-B0F8-9013A16B20DF}.Debug|x86.ActiveCfg = Debug|Win32
		{44208309-EFE3-4A6F-B0F8-9013A16B20DF}.Release|Any CPU.ActiveCfg = Release|Win32
		{44208309-EFE3-4A6F-B0F8-9013A16B20DF}.Release|Mixed Platforms.ActiveCfg = Release|Win32
		{44208309-EFE3-4A6F-B0F8-9013A16B20DF}.Release|Mixed Platforms.Build.0 = Release|Win32
		{44208309-EFE3-4A6F-B0F8-9013A16B20DF}.Release|Win32.ActiveCfg = Release|Win32
		{44208309-EFE3-4A6F-B0F8-9013A16B20DF}.Release|Win32.Build.0 = Release|Win32
		{44208309-EFE3-4A6F-B0F8-9013A16B20DF}.Release|x86.ActiveCfg = Release|Win32
		{3EE5137B-C08F-4337-B089-E20A502C2A0C}.Debug|Any CPU.ActiveCfg = Debug|Any CPU
		{3EE5137B-C08F-4337-B089-E20A502C2A0C}.Debug|Any CPU.Build.0 = Debug|Any CPU
		{3EE5137B-C08F-4337-B089-E20A502C2A0C}.Debug|Mixed Platforms.ActiveCfg = Debug|Any CPU
		{3EE5137B-C08F-4337-B089-E20A502C2A0C}.Debug|Mixed Platforms.Build.0 = Debug|Any CPU
		{3EE5137B-C08F-4337-B089-E20A502C2A0C}.Debug|Win32.ActiveCfg = Debug|Any CPU
		{3EE5137B-C08F-4337-B089-E20A502C2A0C}.Debug|x86.ActiveCfg = Debug|Any CPU
		{3EE5137B-C08F-4337-B089-E20A502C2A0C}.Release|Any CPU.ActiveCfg = Release|Any CPU
		{3EE5137B-C08F-4337-B089-E20A502C2A0C}.Release|Any CPU.Build.0 = Release|Any CPU
		{3EE5137B-C08F-4337-B089-E20A502C2A0C}.Release|Mixed Platforms.ActiveCfg = Release|Any CPU
		{3EE5137B-C08F-4337-B089-E20A502C2A0C}.Release|Mixed Platforms.Build.0 = Release|Any CPU
		{3EE5137B-C08F-4337-B089-E20A502C2A0C}.Release|Win32.ActiveCfg = Release|Any CPU
		{3EE5137B-C08F-4337-B089-E20A502C2A0C}.Release|x86.ActiveCfg = Release|Any CPU
		{4D2A899B-3674-4288-81A8-C8F11636C2DA}.Debug|Any CPU.ActiveCfg = Debug|Any CPU
		{4D2A899B-3674-4288-81A8-C8F11636C2DA}.Debug|Any CPU.Build.0 = Debug|Any CPU
		{4D2A899B-3674-4288-81A8-C8F11636C2DA}.Debug|Mixed Platforms.ActiveCfg = Debug|Any CPU
		{4D2A899B-3674-4288-81A8-C8F11636C2DA}.Debug|Mixed Platforms.Build.0 = Debug|Any CPU
		{4D2A899B-3674-4288-81A8-C8F11636C2DA}.Debug|Win32.ActiveCfg = Debug|Any CPU
		{4D2A899B-3674-4288-81A8-C8F11636C2DA}.Debug|x86.ActiveCfg = Debug|Any CPU
		{4D2A899B-3674-4288-81A8-C8F11636C2DA}.Release|Any CPU.ActiveCfg = Release|Any CPU
		{4D2A899B-3674-4288-81A8-C8F11636C2DA}.Release|Any CPU.Build.0 = Release|Any CPU
		{4D2A899B-3674-4288-81A8-C8F11636C2DA}.Release|Mixed Platforms.ActiveCfg = Release|Any CPU
		{4D2A899B-3674-4288-81A8-C8F11636C2DA}.Release|Mixed Platforms.Build.0 = Release|Any CPU
		{4D2A899B-3674-4288-81A8-C8F11636C2DA}.Release|Win32.ActiveCfg = Release|Any CPU
		{4D2A899B-3674-4288-81A8-C8F11636C2DA}.Release|x86.ActiveCfg = Release|Any CPU
		{FA2C0C9A-6897-41DD-8A32-D29A96B555E6}.Debug|Any CPU.ActiveCfg = Debug|Any CPU
		{FA2C0C9A-6897-41DD-8A32-D29A96B555E6}.Debug|Any CPU.Build.0 = Debug|Any CPU
		{FA2C0C9A-6897-41DD-8A32-D29A96B555E6}.Debug|Mixed Platforms.ActiveCfg = Debug|Any CPU
		{FA2C0C9A-6897-41DD-8A32-D29A96B555E6}.Debug|Mixed Platforms.Build.0 = Debug|Any CPU
		{FA2C0C9A-6897-41DD-8A32-D29A96B555E6}.Debug|Win32.ActiveCfg = Debug|Any CPU
		{FA2C0C9A-6897-41DD-8A32-D29A96B555E6}.Debug|x86.ActiveCfg = Debug|Any CPU
		{FA2C0C9A-6897-41DD-8A32-D29A96B555E6}.Release|Any CPU.ActiveCfg = Release|Any CPU
		{FA2C0C9A-6897-41DD-8A32-D29A96B555E6}.Release|Any CPU.Build.0 = Release|Any CPU
		{FA2C0C9A-6897-41DD-8A32-D29A96B555E6}.Release|Mixed Platforms.ActiveCfg = Release|Any CPU
		{FA2C0C9A-6897-41DD-8A32-D29A96B555E6}.Release|Mixed Platforms.Build.0 = Release|Any CPU
		{FA2C0C9A-6897-41DD-8A32-D29A96B555E6}.Release|Win32.ActiveCfg = Release|Any CPU
		{FA2C0C9A-6897-41DD-8A32-D29A96B555E6}.Release|x86.ActiveCfg = Release|Any CPU
		{F2085177-9356-43EE-9744-85AA2FFCACEE}.Debug|Any CPU.ActiveCfg = Debug|Any CPU
		{F2085177-9356-43EE-9744-85AA2FFCACEE}.Debug|Any CPU.Build.0 = Debug|Any CPU
		{F2085177-9356-43EE-9744-85AA2FFCACEE}.Debug|Mixed Platforms.ActiveCfg = Debug|Any CPU
		{F2085177-9356-43EE-9744-85AA2FFCACEE}.Debug|Mixed Platforms.Build.0 = Debug|Any CPU
		{F2085177-9356-43EE-9744-85AA2FFCACEE}.Debug|Win32.ActiveCfg = Debug|Any CPU
		{F2085177-9356-43EE-9744-85AA2FFCACEE}.Debug|x86.ActiveCfg = Debug|Any CPU
		{F2085177-9356-43EE-9744-85AA2FFCACEE}.Release|Any CPU.ActiveCfg = Release|Any CPU
		{F2085177-9356-43EE-9744-85AA2FFCACEE}.Release|Any CPU.Build.0 = Release|Any CPU
		{F2085177-9356-43EE-9744-85AA2FFCACEE}.Release|Mixed Platforms.ActiveCfg = Release|Any CPU
		{F2085177-9356-43EE-9744-85AA2FFCACEE}.Release|Mixed Platforms.Build.0 = Release|Any CPU
		{F2085177-9356-43EE-9744-85AA2FFCACEE}.Release|Win32.ActiveCfg = Release|Any CPU
		{F2085177-9356-43EE-9744-85AA2FFCACEE}.Release|x86.ActiveCfg = Release|Any CPU
		{61DCF1C6-109C-4886-A10A-FEE95DE901CA}.Debug|Any CPU.ActiveCfg = Debug|Any CPU
		{61DCF1C6-109C-4886-A10A-FEE95DE901CA}.Debug|Any CPU.Build.0 = Debug|Any CPU
		{61DCF1C6-109C-4886-A10A-FEE95DE901CA}.Debug|Mixed Platforms.ActiveCfg = Debug|Any CPU
		{61DCF1C6-109C-4886-A10A-FEE95DE901CA}.Debug|Mixed Platforms.Build.0 = Debug|Any CPU
		{61DCF1C6-109C-4886-A10A-FEE95DE901CA}.Debug|Win32.ActiveCfg = Debug|Any CPU
		{61DCF1C6-109C-4886-A10A-FEE95DE901CA}.Debug|x86.ActiveCfg = Debug|Any CPU
		{61DCF1C6-109C-4886-A10A-FEE95DE901CA}.Release|Any CPU.ActiveCfg = Release|Any CPU
		{61DCF1C6-109C-4886-A10A-FEE95DE901CA}.Release|Any CPU.Build.0 = Release|Any CPU
		{61DCF1C6-109C-4886-A10A-FEE95DE901CA}.Release|Mixed Platforms.ActiveCfg = Release|Any CPU
		{61DCF1C6-109C-4886-A10A-FEE95DE901CA}.Release|Mixed Platforms.Build.0 = Release|Any CPU
		{61DCF1C6-109C-4886-A10A-FEE95DE901CA}.Release|Win32.ActiveCfg = Release|Any CPU
		{61DCF1C6-109C-4886-A10A-FEE95DE901CA}.Release|x86.ActiveCfg = Release|Any CPU
	EndGlobalSection
	GlobalSection(SolutionProperties) = preSolution
		HideSolutionNode = FALSE
	EndGlobalSection
	GlobalSection(NestedProjects) = preSolution
		{E79833DB-B2D2-4781-B0FC-79E85DA95BE5} = {39258658-C7D2-4BA8-998A-50256FCB46B5}
		{9BD4922B-BEC0-4140-8600-35571A479EB2} = {39258658-C7D2-4BA8-998A-50256FCB46B5}
		{61DCF1C6-109C-4886-A10A-FEE95DE901CA} = {39258658-C7D2-4BA8-998A-50256FCB46B5}
		{F59DB5BA-CD9F-45D1-B879-4A7661A3FB0A} = {F486BF8B-E23F-4BE4-B837-9ABC8A5F3BEE}
		{6E1496AB-268A-4EA2-99B3-726162F019F1} = {F486BF8B-E23F-4BE4-B837-9ABC8A5F3BEE}
		{6EEC2717-FB0D-42D7-BABA-D2C024074B4F} = {F486BF8B-E23F-4BE4-B837-9ABC8A5F3BEE}
		{72729DA3-9933-4C3D-91C6-2CF0336D6493} = {F486BF8B-E23F-4BE4-B837-9ABC8A5F3BEE}
		{6ECA5199-A497-4BF2-B956-CEB3F0912C17} = {70C59CBB-5228-4CA6-9065-AFD09708840A}
		{257201A0-0B65-4EA0-AC04-0B8005AECC37} = {2D9452D4-316F-405B-B124-006048F5EED9}
		{FE898E65-DAFF-435D-9A72-4C9D3306636A} = {2D9452D4-316F-405B-B124-006048F5EED9}
		{44208309-EFE3-4A6F-B0F8-9013A16B20DF} = {2D9452D4-316F-405B-B124-006048F5EED9}
		{3EE5137B-C08F-4337-B089-E20A502C2A0C} = {B48DC58F-AF29-427D-B363-0C7DFD067380}
		{4D2A899B-3674-4288-81A8-C8F11636C2DA} = {B48DC58F-AF29-427D-B363-0C7DFD067380}
		{FA2C0C9A-6897-41DD-8A32-D29A96B555E6} = {B48DC58F-AF29-427D-B363-0C7DFD067380}
		{F2085177-9356-43EE-9744-85AA2FFCACEE} = {B48DC58F-AF29-427D-B363-0C7DFD067380}
	EndGlobalSection
EndGlobal
