
Microsoft Visual Studio Solution File, Format Version 11.00
# Visual Studio 2010
Project("{FAE04EC0-301F-11D3-BF4B-00C04F79EFBC}") = "Tester", "Tester\Tester.csproj", "{9BD4922B-BEC0-4140-8600-35571A479EB2}"
EndProject
Project("{FAE04EC0-301F-11D3-BF4B-00C04F79EFBC}") = "ReusableCode", "ReusableCode\ReusableCode.csproj", "{72729DA3-9933-4C3D-91C6-2CF0336D6493}"
EndProject
Project("{FAE04EC0-301F-11D3-BF4B-00C04F79EFBC}") = "Test", "Test\Test.csproj", "{E79833DB-B2D2-4781-B0FC-79E85DA95BE5}"
EndProject
Project("{FAE04EC0-301F-11D3-BF4B-00C04F79EFBC}") = "Utility", "Utility\Utility.csproj", "{F59DB5BA-CD9F-45D1-B879-4A7661A3FB0A}"
EndProject
Project("{FAE04EC0-301F-11D3-BF4B-00C04F79EFBC}") = "Configuration Handler", "Configuration Handler\Configuration Handler.csproj", "{6E1496AB-268A-4EA2-99B3-726162F019F1}"
EndProject
Project("{2150E333-8FDC-42A3-9474-1A3956D46DE8}") = "Notes", "Notes", "{FF993C95-4FB4-4653-A7F8-35A918C5E59D}"
	ProjectSection(SolutionItems) = preProject
		IESDP questions.txt = IESDP questions.txt
		More notes.txt = More notes.txt
	EndProjectSection
EndProject
Project("{2150E333-8FDC-42A3-9474-1A3956D46DE8}") = "Solution Items", "Solution Items", "{F94A577A-DE5E-44E6-8395-53C5CE9BEDE3}"
	ProjectSection(SolutionItems) = preProject
		Infinity + 1.vsmdi = Infinity + 1.vsmdi
		InfinityPlus1.Tester.psess = InfinityPlus1.Tester.psess
		Local.testsettings = Local.testsettings
		TraceAndTestImpact.testsettings = TraceAndTestImpact.testsettings
	EndProjectSection
EndProject
Project("{FAE04EC0-301F-11D3-BF4B-00C04F79EFBC}") = "Output", "Output\Output.csproj", "{6ECA5199-A497-4BF2-B956-CEB3F0912C17}"
EndProject
Project("{8BC9CEB8-8B4A-11D0-8D11-00A0C91BC942}") = "XAudio2", "Native Code\DirectX\XAudio2\XAudio2.vcxproj", "{FE898E65-DAFF-435D-9A72-4C9D3306636A}"
EndProject
Project("{FAE04EC0-301F-11D3-BF4B-00C04F79EFBC}") = "Exception Handler", "Exception Manager\Exception Handler.csproj", "{6EEC2717-FB0D-42D7-BABA-D2C024074B4F}"
EndProject
Project("{2150E333-8FDC-42A3-9474-1A3956D46DE8}") = "Win32 C++ CLI", "Win32 C++ CLI", "{2D9452D4-316F-405B-B124-006048F5EED9}"
EndProject
Project("{8BC9CEB8-8B4A-11D0-8D11-00A0C91BC942}") = "Direct2D", "Native Code\DirectX\Direct2D\Direct2D.vcxproj", "{44208309-EFE3-4A6F-B0F8-9013A16B20DF}"
EndProject
Project("{2150E333-8FDC-42A3-9474-1A3956D46DE8}") = "Utility Projects", "Utility Projects", "{F486BF8B-E23F-4BE4-B837-9ABC8A5F3BEE}"
EndProject
Project("{2150E333-8FDC-42A3-9474-1A3956D46DE8}") = "User Interface Projects", "User Interface Projects", "{70C59CBB-5228-4CA6-9065-AFD09708840A}"
EndProject
Project("{2150E333-8FDC-42A3-9474-1A3956D46DE8}") = "Testing Projects", "Testing Projects", "{39258658-C7D2-4BA8-998A-50256FCB46B5}"
EndProject
Project("{2150E333-8FDC-42A3-9474-1A3956D46DE8}") = "File Format Projects", "File Format Projects", "{B48DC58F-AF29-427D-B363-0C7DFD067380}"
EndProject
Project("{FAE04EC0-301F-11D3-BF4B-00C04F79EFBC}") = "Infinity Formats", "Infinity Formats\Infinity Formats.csproj", "{3EE5137B-C08F-4337-B089-E20A502C2A0C}"
EndProject
Project("{FAE04EC0-301F-11D3-BF4B-00C04F79EFBC}") = "Basic Formats", "Basic Formats\Basic Formats.csproj", "{4D2A899B-3674-4288-81A8-C8F11636C2DA}"
EndProject
Project("{FAE04EC0-301F-11D3-BF4B-00C04F79EFBC}") = "External Formats", "External Formats\External Formats.csproj", "{FA2C0C9A-6897-41DD-8A32-D29A96B555E6}"
EndProject
Project("{FAE04EC0-301F-11D3-BF4B-00C04F79EFBC}") = "Infinity +1 Formats", "Infinity + 1 Formats\Infinity +1 Formats.csproj", "{F2085177-9356-43EE-9744-85AA2FFCACEE}"
EndProject
Project("{FAE04EC0-301F-11D3-BF4B-00C04F79EFBC}") = "Unit Testing", "Unit Testing\Unit Testing.csproj", "{61DCF1C6-109C-4886-A10A-FEE95DE901CA}"
EndProject
Project("{FAE04EC0-301F-11D3-BF4B-00C04F79EFBC}") = "Media Base", "Media Base\Media Base.csproj", "{31CA90A7-1628-493B-A99B-8B9F6899158F}"
EndProject
Project("{2150E333-8FDC-42A3-9474-1A3956D46DE8}") = "Native Projects", "Native Projects", "{A153282B-0370-4B36-A0E0-E3FD0B30F16E}"
EndProject
Project("{FAE04EC0-301F-11D3-BF4B-00C04F79EFBC}") = "Native Factories", "Native Factories\Native Factories.csproj", "{1B2B86E7-2F10-42C1-B930-D62C8AC1634D}"
EndProject
Project("{8BC9CEB8-8B4A-11D0-8D11-00A0C91BC942}") = "Lib AV", "Native Code\ffmpeg\Lib AV\Lib AV.vcxproj", "{1F9B2E1A-E000-4076-8D38-D995A6A3922C}"
EndProject
Project("{FAE04EC0-301F-11D3-BF4B-00C04F79EFBC}") = "Basic Structures", "Basic Structures\Basic Structures.csproj", "{257201A0-0B65-4EA0-AC04-0B8005AECC37}"
EndProject
Project("{FAE04EC0-301F-11D3-BF4B-00C04F79EFBC}") = "Scratch", "Scratch\Scratch.csproj", "{DFBA2276-2542-4463-A89C-54BA12F0A9C0}"
EndProject
Project("{2150E333-8FDC-42A3-9474-1A3956D46DE8}") = "Entities", "Entities", "{177E57E6-64C4-4C85-A970-958E6E13B4C7}"
EndProject
Project("{2150E333-8FDC-42A3-9474-1A3956D46DE8}") = "Interface Implementation", "Interface Implementation", "{0B0C3B04-AD57-4B34-AF8E-6103DF032D4B}"
EndProject
Project("{FAE04EC0-301F-11D3-BF4B-00C04F79EFBC}") = "LibAV Wrapper", "Interface Implementation\LibAV Wrapper\LibAV Wrapper.csproj", "{1816E1F1-8765-4AEA-BEF4-0E80E50C8399}"
EndProject
Project("{2150E333-8FDC-42A3-9474-1A3956D46DE8}") = "Factories", "Factories", "{540C123B-E0EE-460A-B727-99C5DDAE6740}"
EndProject
Project("{FAE04EC0-301F-11D3-BF4B-00C04F79EFBC}") = "Factories", "Factories\Factories.csproj", "{3AF99109-1895-41C3-A070-1D004E5A40EB}"
EndProject
Global
	GlobalSection(TeamFoundationVersionControl) = preSolution
		SccNumberOfProjects = 21
		SccEnterpriseProvider = {4CA58AB2-18FA-4F8D-95D4-32DDF27D184C}
		SccTeamFoundationServer = http://bardezserver:8080/tfs/defaultcollection
		SccLocalPath0 = .
		SccProjectUniqueName1 = Output\\Output.csproj
		SccProjectTopLevelParentUniqueName1 = Infinity\u0020+\u00201.sln
		SccProjectName1 = Output
		SccLocalPath1 = Output
		SccProjectUniqueName2 = Scratch\\Scratch.csproj
		SccProjectName2 = Scratch
		SccLocalPath2 = Scratch
		SccProjectUniqueName3 = Basic\u0020Structures\\Basic\u0020Structures.csproj
		SccProjectTopLevelParentUniqueName3 = Infinity\u0020+\u00201.sln
		SccProjectName3 = Basic\u0020Structures
		SccLocalPath3 = Basic\u0020Structures
		SccProjectUniqueName4 = Native\u0020Code\\ffmpeg\\Lib\u0020AV\\Lib\u0020AV.vcxproj
		SccProjectTopLevelParentUniqueName4 = Infinity\u0020+\u00201.sln
		SccProjectName4 = Native\u0020Code/ffmpeg/Lib\u0020AV
		SccLocalPath4 = Native\u0020Code\\ffmpeg\\Lib\u0020AV
		SccProjectUniqueName5 = Native\u0020Factories\\Native\u0020Factories.csproj
		SccProjectTopLevelParentUniqueName5 = Infinity\u0020+\u00201.sln
		SccProjectName5 = Native\u0020Factories
		SccLocalPath5 = Native\u0020Factories
		SccProjectUniqueName6 = Media\u0020Base\\Media\u0020Base.csproj
		SccProjectTopLevelParentUniqueName6 = Infinity\u0020+\u00201.sln
		SccProjectName6 = Media\u0020Base
		SccLocalPath6 = Media\u0020Base
		SccProjectUniqueName7 = Unit\u0020Testing\\Unit\u0020Testing.csproj
		SccProjectTopLevelParentUniqueName7 = Infinity\u0020+\u00201.sln
		SccProjectName7 = Unit\u0020Testing
		SccLocalPath7 = Unit\u0020Testing
		SccProjectUniqueName8 = Infinity\u0020+\u00201\u0020Formats\\Infinity\u0020+1\u0020Formats.csproj
		SccProjectTopLevelParentUniqueName8 = Infinity\u0020+\u00201.sln
		SccProjectName8 = Infinity\u0020+\u00201\u0020Formats
		SccLocalPath8 = Infinity\u0020+\u00201\u0020Formats
		SccProjectUniqueName9 = External\u0020Formats\\External\u0020Formats.csproj
		SccProjectTopLevelParentUniqueName9 = Infinity\u0020+\u00201.sln
		SccProjectName9 = External\u0020Formats
		SccLocalPath9 = External\u0020Formats
		SccProjectUniqueName10 = Basic\u0020Formats\\Basic\u0020Formats.csproj
		SccProjectTopLevelParentUniqueName10 = Infinity\u0020+\u00201.sln
		SccProjectName10 = Basic\u0020Formats
		SccLocalPath10 = Basic\u0020Formats
		SccProjectUniqueName11 = Infinity\u0020Formats\\Infinity\u0020Formats.csproj
		SccProjectTopLevelParentUniqueName11 = Infinity\u0020+\u00201.sln
		SccProjectName11 = Infinity\u0020Formats
		SccLocalPath11 = Infinity\u0020Formats
		SccProjectUniqueName12 = Native\u0020Code\\DirectX\\Direct2D\\Direct2D.vcxproj
		SccProjectTopLevelParentUniqueName12 = Infinity\u0020+\u00201.sln
		SccProjectName12 = Native\u0020Code/DirectX/Direct2D
		SccLocalPath12 = Native\u0020Code\\DirectX\\Direct2D
		SccProjectUniqueName13 = Exception\u0020Manager\\Exception\u0020Handler.csproj
		SccProjectTopLevelParentUniqueName13 = Infinity\u0020+\u00201.sln
		SccProjectName13 = Exception\u0020Manager
		SccLocalPath13 = Exception\u0020Manager
		SccProjectUniqueName14 = Native\u0020Code\\DirectX\\XAudio2\\XAudio2.vcxproj
		SccProjectTopLevelParentUniqueName14 = Infinity\u0020+\u00201.sln
		SccProjectName14 = Native\u0020Code/DirectX/XAudio2
		SccLocalPath14 = Native\u0020Code\\DirectX\\XAudio2
		SccProjectUniqueName15 = Configuration\u0020Handler\\Configuration\u0020Handler.csproj
		SccProjectTopLevelParentUniqueName15 = Infinity\u0020+\u00201.sln
		SccProjectName15 = Configuration\u0020Handler
		SccLocalPath15 = Configuration\u0020Handler
		SccProjectUniqueName16 = Utility\\Utility.csproj
		SccProjectTopLevelParentUniqueName16 = Infinity\u0020+\u00201.sln
		SccProjectName16 = Utility
		SccLocalPath16 = Utility
		SccProjectUniqueName17 = Test\\Test.csproj
		SccProjectTopLevelParentUniqueName17 = Infinity\u0020+\u00201.sln
		SccProjectName17 = Test
		SccLocalPath17 = Test
		SccProjectUniqueName18 = ReusableCode\\ReusableCode.csproj
		SccProjectTopLevelParentUniqueName18 = Infinity\u0020+\u00201.sln
		SccProjectName18 = ReusableCode
		SccLocalPath18 = ReusableCode
		SccProjectUniqueName19 = Tester\\Tester.csproj
		SccProjectTopLevelParentUniqueName19 = Infinity\u0020+\u00201.sln
		SccProjectName19 = Tester
		SccLocalPath19 = Tester
		SccProjectUniqueName20 = Interface\u0020Implementation\\LibAV\u0020Wrapper\\LibAV\u0020Wrapper.csproj
		SccProjectTopLevelParentUniqueName20 = Infinity\u0020+\u00201.sln
		SccProjectName20 = Interface\u0020Implementation/LibAV\u0020Wrapper
		SccLocalPath20 = Interface\u0020Implementation\\LibAV\u0020Wrapper
	EndGlobalSection
	GlobalSection(TestCaseManagementSettings) = postSolution
		CategoryFile = Infinity + 1.vsmdi
	EndGlobalSection
	GlobalSection(SolutionConfigurationPlatforms) = preSolution
		Debug|Any CPU = Debug|Any CPU
		Debug|Mixed Platforms = Debug|Mixed Platforms
		Debug|Win32 = Debug|Win32
		Debug|x64 = Debug|x64
		Debug|x86 = Debug|x86
		Release|Any CPU = Release|Any CPU
		Release|Mixed Platforms = Release|Mixed Platforms
		Release|Win32 = Release|Win32
		Release|x64 = Release|x64
		Release|x86 = Release|x86
	EndGlobalSection
	GlobalSection(ProjectConfigurationPlatforms) = postSolution
		{9BD4922B-BEC0-4140-8600-35571A479EB2}.Debug|Any CPU.ActiveCfg = Debug|Any CPU
		{9BD4922B-BEC0-4140-8600-35571A479EB2}.Debug|Any CPU.Build.0 = Debug|Any CPU
		{9BD4922B-BEC0-4140-8600-35571A479EB2}.Debug|Mixed Platforms.ActiveCfg = Debug|x64
		{9BD4922B-BEC0-4140-8600-35571A479EB2}.Debug|Mixed Platforms.Build.0 = Debug|x64
		{9BD4922B-BEC0-4140-8600-35571A479EB2}.Debug|Win32.ActiveCfg = Debug|x64
		{9BD4922B-BEC0-4140-8600-35571A479EB2}.Debug|x64.ActiveCfg = Debug|x64
		{9BD4922B-BEC0-4140-8600-35571A479EB2}.Debug|x64.Build.0 = Debug|x64
		{9BD4922B-BEC0-4140-8600-35571A479EB2}.Debug|x86.ActiveCfg = Debug|x64
		{9BD4922B-BEC0-4140-8600-35571A479EB2}.Release|Any CPU.ActiveCfg = Release|Any CPU
		{9BD4922B-BEC0-4140-8600-35571A479EB2}.Release|Any CPU.Build.0 = Release|Any CPU
		{9BD4922B-BEC0-4140-8600-35571A479EB2}.Release|Mixed Platforms.ActiveCfg = Release|x64
		{9BD4922B-BEC0-4140-8600-35571A479EB2}.Release|Mixed Platforms.Build.0 = Release|x64
		{9BD4922B-BEC0-4140-8600-35571A479EB2}.Release|Win32.ActiveCfg = Release|x64
		{9BD4922B-BEC0-4140-8600-35571A479EB2}.Release|x64.ActiveCfg = Release|x64
		{9BD4922B-BEC0-4140-8600-35571A479EB2}.Release|x64.Build.0 = Release|x64
		{9BD4922B-BEC0-4140-8600-35571A479EB2}.Release|x86.ActiveCfg = Release|x64
		{72729DA3-9933-4C3D-91C6-2CF0336D6493}.Debug|Any CPU.ActiveCfg = Debug|Any CPU
		{72729DA3-9933-4C3D-91C6-2CF0336D6493}.Debug|Any CPU.Build.0 = Debug|Any CPU
		{72729DA3-9933-4C3D-91C6-2CF0336D6493}.Debug|Mixed Platforms.ActiveCfg = Debug|x64
		{72729DA3-9933-4C3D-91C6-2CF0336D6493}.Debug|Mixed Platforms.Build.0 = Debug|x64
		{72729DA3-9933-4C3D-91C6-2CF0336D6493}.Debug|Win32.ActiveCfg = Debug|x64
		{72729DA3-9933-4C3D-91C6-2CF0336D6493}.Debug|x64.ActiveCfg = Debug|x64
		{72729DA3-9933-4C3D-91C6-2CF0336D6493}.Debug|x64.Build.0 = Debug|x64
		{72729DA3-9933-4C3D-91C6-2CF0336D6493}.Debug|x86.ActiveCfg = Debug|x64
		{72729DA3-9933-4C3D-91C6-2CF0336D6493}.Release|Any CPU.ActiveCfg = Release|Any CPU
		{72729DA3-9933-4C3D-91C6-2CF0336D6493}.Release|Any CPU.Build.0 = Release|Any CPU
		{72729DA3-9933-4C3D-91C6-2CF0336D6493}.Release|Mixed Platforms.ActiveCfg = Release|x64
		{72729DA3-9933-4C3D-91C6-2CF0336D6493}.Release|Mixed Platforms.Build.0 = Release|x64
		{72729DA3-9933-4C3D-91C6-2CF0336D6493}.Release|Win32.ActiveCfg = Release|x64
		{72729DA3-9933-4C3D-91C6-2CF0336D6493}.Release|x64.ActiveCfg = Release|x64
		{72729DA3-9933-4C3D-91C6-2CF0336D6493}.Release|x64.Build.0 = Release|x64
		{72729DA3-9933-4C3D-91C6-2CF0336D6493}.Release|x86.ActiveCfg = Release|x64
		{E79833DB-B2D2-4781-B0FC-79E85DA95BE5}.Debug|Any CPU.ActiveCfg = Debug|Any CPU
		{E79833DB-B2D2-4781-B0FC-79E85DA95BE5}.Debug|Any CPU.Build.0 = Debug|Any CPU
		{E79833DB-B2D2-4781-B0FC-79E85DA95BE5}.Debug|Mixed Platforms.ActiveCfg = Debug|x64
		{E79833DB-B2D2-4781-B0FC-79E85DA95BE5}.Debug|Mixed Platforms.Build.0 = Debug|x64
		{E79833DB-B2D2-4781-B0FC-79E85DA95BE5}.Debug|Win32.ActiveCfg = Debug|x64
		{E79833DB-B2D2-4781-B0FC-79E85DA95BE5}.Debug|x64.ActiveCfg = Debug|x64
		{E79833DB-B2D2-4781-B0FC-79E85DA95BE5}.Debug|x64.Build.0 = Debug|x64
		{E79833DB-B2D2-4781-B0FC-79E85DA95BE5}.Debug|x86.ActiveCfg = Debug|x64
		{E79833DB-B2D2-4781-B0FC-79E85DA95BE5}.Release|Any CPU.ActiveCfg = Release|Any CPU
		{E79833DB-B2D2-4781-B0FC-79E85DA95BE5}.Release|Any CPU.Build.0 = Release|Any CPU
		{E79833DB-B2D2-4781-B0FC-79E85DA95BE5}.Release|Mixed Platforms.ActiveCfg = Release|x64
		{E79833DB-B2D2-4781-B0FC-79E85DA95BE5}.Release|Mixed Platforms.Build.0 = Release|x64
		{E79833DB-B2D2-4781-B0FC-79E85DA95BE5}.Release|Win32.ActiveCfg = Release|x64
		{E79833DB-B2D2-4781-B0FC-79E85DA95BE5}.Release|x64.ActiveCfg = Release|x64
		{E79833DB-B2D2-4781-B0FC-79E85DA95BE5}.Release|x64.Build.0 = Release|x64
		{E79833DB-B2D2-4781-B0FC-79E85DA95BE5}.Release|x86.ActiveCfg = Release|x64
		{F59DB5BA-CD9F-45D1-B879-4A7661A3FB0A}.Debug|Any CPU.ActiveCfg = Debug|Any CPU
		{F59DB5BA-CD9F-45D1-B879-4A7661A3FB0A}.Debug|Any CPU.Build.0 = Debug|Any CPU
		{F59DB5BA-CD9F-45D1-B879-4A7661A3FB0A}.Debug|Mixed Platforms.ActiveCfg = Debug|x64
		{F59DB5BA-CD9F-45D1-B879-4A7661A3FB0A}.Debug|Mixed Platforms.Build.0 = Debug|x64
		{F59DB5BA-CD9F-45D1-B879-4A7661A3FB0A}.Debug|Win32.ActiveCfg = Debug|x64
		{F59DB5BA-CD9F-45D1-B879-4A7661A3FB0A}.Debug|x64.ActiveCfg = Debug|x64
		{F59DB5BA-CD9F-45D1-B879-4A7661A3FB0A}.Debug|x64.Build.0 = Debug|x64
		{F59DB5BA-CD9F-45D1-B879-4A7661A3FB0A}.Debug|x86.ActiveCfg = Debug|x64
		{F59DB5BA-CD9F-45D1-B879-4A7661A3FB0A}.Release|Any CPU.ActiveCfg = Release|Any CPU
		{F59DB5BA-CD9F-45D1-B879-4A7661A3FB0A}.Release|Any CPU.Build.0 = Release|Any CPU
		{F59DB5BA-CD9F-45D1-B879-4A7661A3FB0A}.Release|Mixed Platforms.ActiveCfg = Release|x64
		{F59DB5BA-CD9F-45D1-B879-4A7661A3FB0A}.Release|Mixed Platforms.Build.0 = Release|x64
		{F59DB5BA-CD9F-45D1-B879-4A7661A3FB0A}.Release|Win32.ActiveCfg = Release|x64
		{F59DB5BA-CD9F-45D1-B879-4A7661A3FB0A}.Release|x64.ActiveCfg = Release|x64
		{F59DB5BA-CD9F-45D1-B879-4A7661A3FB0A}.Release|x64.Build.0 = Release|x64
		{F59DB5BA-CD9F-45D1-B879-4A7661A3FB0A}.Release|x86.ActiveCfg = Release|x64
		{6E1496AB-268A-4EA2-99B3-726162F019F1}.Debug|Any CPU.ActiveCfg = Debug|Any CPU
		{6E1496AB-268A-4EA2-99B3-726162F019F1}.Debug|Any CPU.Build.0 = Debug|Any CPU
		{6E1496AB-268A-4EA2-99B3-726162F019F1}.Debug|Mixed Platforms.ActiveCfg = Debug|x64
		{6E1496AB-268A-4EA2-99B3-726162F019F1}.Debug|Mixed Platforms.Build.0 = Debug|x64
		{6E1496AB-268A-4EA2-99B3-726162F019F1}.Debug|Win32.ActiveCfg = Debug|x64
		{6E1496AB-268A-4EA2-99B3-726162F019F1}.Debug|x64.ActiveCfg = Debug|x64
		{6E1496AB-268A-4EA2-99B3-726162F019F1}.Debug|x64.Build.0 = Debug|x64
		{6E1496AB-268A-4EA2-99B3-726162F019F1}.Debug|x86.ActiveCfg = Debug|x64
		{6E1496AB-268A-4EA2-99B3-726162F019F1}.Release|Any CPU.ActiveCfg = Release|Any CPU
		{6E1496AB-268A-4EA2-99B3-726162F019F1}.Release|Any CPU.Build.0 = Release|Any CPU
		{6E1496AB-268A-4EA2-99B3-726162F019F1}.Release|Mixed Platforms.ActiveCfg = Release|x64
		{6E1496AB-268A-4EA2-99B3-726162F019F1}.Release|Mixed Platforms.Build.0 = Release|x64
		{6E1496AB-268A-4EA2-99B3-726162F019F1}.Release|Win32.ActiveCfg = Release|x64
		{6E1496AB-268A-4EA2-99B3-726162F019F1}.Release|x64.ActiveCfg = Release|x64
		{6E1496AB-268A-4EA2-99B3-726162F019F1}.Release|x64.Build.0 = Release|x64
		{6E1496AB-268A-4EA2-99B3-726162F019F1}.Release|x86.ActiveCfg = Release|x64
		{6ECA5199-A497-4BF2-B956-CEB3F0912C17}.Debug|Any CPU.ActiveCfg = Debug|Any CPU
		{6ECA5199-A497-4BF2-B956-CEB3F0912C17}.Debug|Any CPU.Build.0 = Debug|Any CPU
		{6ECA5199-A497-4BF2-B956-CEB3F0912C17}.Debug|Mixed Platforms.ActiveCfg = Debug|x64
		{6ECA5199-A497-4BF2-B956-CEB3F0912C17}.Debug|Mixed Platforms.Build.0 = Debug|x64
		{6ECA5199-A497-4BF2-B956-CEB3F0912C17}.Debug|Win32.ActiveCfg = Debug|x64
		{6ECA5199-A497-4BF2-B956-CEB3F0912C17}.Debug|x64.ActiveCfg = Debug|x64
		{6ECA5199-A497-4BF2-B956-CEB3F0912C17}.Debug|x64.Build.0 = Debug|x64
		{6ECA5199-A497-4BF2-B956-CEB3F0912C17}.Debug|x86.ActiveCfg = Debug|x64
		{6ECA5199-A497-4BF2-B956-CEB3F0912C17}.Release|Any CPU.ActiveCfg = Release|Any CPU
		{6ECA5199-A497-4BF2-B956-CEB3F0912C17}.Release|Any CPU.Build.0 = Release|Any CPU
		{6ECA5199-A497-4BF2-B956-CEB3F0912C17}.Release|Mixed Platforms.ActiveCfg = Release|x64
		{6ECA5199-A497-4BF2-B956-CEB3F0912C17}.Release|Mixed Platforms.Build.0 = Release|x64
		{6ECA5199-A497-4BF2-B956-CEB3F0912C17}.Release|Win32.ActiveCfg = Release|x64
		{6ECA5199-A497-4BF2-B956-CEB3F0912C17}.Release|x64.ActiveCfg = Release|x64
		{6ECA5199-A497-4BF2-B956-CEB3F0912C17}.Release|x64.Build.0 = Release|x64
		{6ECA5199-A497-4BF2-B956-CEB3F0912C17}.Release|x86.ActiveCfg = Release|x64
		{FE898E65-DAFF-435D-9A72-4C9D3306636A}.Debug|Any CPU.ActiveCfg = Debug|Win32
		{FE898E65-DAFF-435D-9A72-4C9D3306636A}.Debug|Any CPU.Build.0 = Debug|Win32
		{FE898E65-DAFF-435D-9A72-4C9D3306636A}.Debug|Mixed Platforms.ActiveCfg = Debug|x64
		{FE898E65-DAFF-435D-9A72-4C9D3306636A}.Debug|Mixed Platforms.Build.0 = Debug|x64
		{FE898E65-DAFF-435D-9A72-4C9D3306636A}.Debug|Win32.ActiveCfg = Debug|Win32
		{FE898E65-DAFF-435D-9A72-4C9D3306636A}.Debug|Win32.Build.0 = Debug|Win32
		{FE898E65-DAFF-435D-9A72-4C9D3306636A}.Debug|x64.ActiveCfg = Debug|x64
		{FE898E65-DAFF-435D-9A72-4C9D3306636A}.Debug|x64.Build.0 = Debug|x64
		{FE898E65-DAFF-435D-9A72-4C9D3306636A}.Debug|x86.ActiveCfg = Debug|x64
		{FE898E65-DAFF-435D-9A72-4C9D3306636A}.Release|Any CPU.ActiveCfg = Release|x64
		{FE898E65-DAFF-435D-9A72-4C9D3306636A}.Release|Mixed Platforms.ActiveCfg = Release|x64
		{FE898E65-DAFF-435D-9A72-4C9D3306636A}.Release|Mixed Platforms.Build.0 = Release|x64
		{FE898E65-DAFF-435D-9A72-4C9D3306636A}.Release|Win32.ActiveCfg = Release|Win32
		{FE898E65-DAFF-435D-9A72-4C9D3306636A}.Release|Win32.Build.0 = Release|Win32
		{FE898E65-DAFF-435D-9A72-4C9D3306636A}.Release|x64.ActiveCfg = Release|x64
		{FE898E65-DAFF-435D-9A72-4C9D3306636A}.Release|x64.Build.0 = Release|x64
		{FE898E65-DAFF-435D-9A72-4C9D3306636A}.Release|x86.ActiveCfg = Release|x64
		{6EEC2717-FB0D-42D7-BABA-D2C024074B4F}.Debug|Any CPU.ActiveCfg = Debug|Any CPU
		{6EEC2717-FB0D-42D7-BABA-D2C024074B4F}.Debug|Any CPU.Build.0 = Debug|Any CPU
		{6EEC2717-FB0D-42D7-BABA-D2C024074B4F}.Debug|Mixed Platforms.ActiveCfg = Debug|x64
		{6EEC2717-FB0D-42D7-BABA-D2C024074B4F}.Debug|Mixed Platforms.Build.0 = Debug|x64
		{6EEC2717-FB0D-42D7-BABA-D2C024074B4F}.Debug|Win32.ActiveCfg = Debug|x64
		{6EEC2717-FB0D-42D7-BABA-D2C024074B4F}.Debug|x64.ActiveCfg = Debug|x64
		{6EEC2717-FB0D-42D7-BABA-D2C024074B4F}.Debug|x64.Build.0 = Debug|x64
		{6EEC2717-FB0D-42D7-BABA-D2C024074B4F}.Debug|x86.ActiveCfg = Debug|x64
		{6EEC2717-FB0D-42D7-BABA-D2C024074B4F}.Release|Any CPU.ActiveCfg = Release|Any CPU
		{6EEC2717-FB0D-42D7-BABA-D2C024074B4F}.Release|Any CPU.Build.0 = Release|Any CPU
		{6EEC2717-FB0D-42D7-BABA-D2C024074B4F}.Release|Mixed Platforms.ActiveCfg = Release|x64
		{6EEC2717-FB0D-42D7-BABA-D2C024074B4F}.Release|Mixed Platforms.Build.0 = Release|x64
		{6EEC2717-FB0D-42D7-BABA-D2C024074B4F}.Release|Win32.ActiveCfg = Release|x64
		{6EEC2717-FB0D-42D7-BABA-D2C024074B4F}.Release|x64.ActiveCfg = Release|x64
		{6EEC2717-FB0D-42D7-BABA-D2C024074B4F}.Release|x64.Build.0 = Release|x64
		{6EEC2717-FB0D-42D7-BABA-D2C024074B4F}.Release|x86.ActiveCfg = Release|x64
		{44208309-EFE3-4A6F-B0F8-9013A16B20DF}.Debug|Any CPU.ActiveCfg = Debug|Win32
		{44208309-EFE3-4A6F-B0F8-9013A16B20DF}.Debug|Any CPU.Build.0 = Debug|Win32
		{44208309-EFE3-4A6F-B0F8-9013A16B20DF}.Debug|Mixed Platforms.ActiveCfg = Debug|x64
		{44208309-EFE3-4A6F-B0F8-9013A16B20DF}.Debug|Mixed Platforms.Build.0 = Debug|x64
		{44208309-EFE3-4A6F-B0F8-9013A16B20DF}.Debug|Win32.ActiveCfg = Debug|Win32
		{44208309-EFE3-4A6F-B0F8-9013A16B20DF}.Debug|Win32.Build.0 = Debug|Win32
		{44208309-EFE3-4A6F-B0F8-9013A16B20DF}.Debug|x64.ActiveCfg = Debug|x64
		{44208309-EFE3-4A6F-B0F8-9013A16B20DF}.Debug|x64.Build.0 = Debug|x64
		{44208309-EFE3-4A6F-B0F8-9013A16B20DF}.Debug|x86.ActiveCfg = Debug|x64
		{44208309-EFE3-4A6F-B0F8-9013A16B20DF}.Release|Any CPU.ActiveCfg = Release|x64
		{44208309-EFE3-4A6F-B0F8-9013A16B20DF}.Release|Mixed Platforms.ActiveCfg = Release|x64
		{44208309-EFE3-4A6F-B0F8-9013A16B20DF}.Release|Mixed Platforms.Build.0 = Release|x64
		{44208309-EFE3-4A6F-B0F8-9013A16B20DF}.Release|Win32.ActiveCfg = Release|Win32
		{44208309-EFE3-4A6F-B0F8-9013A16B20DF}.Release|Win32.Build.0 = Release|Win32
		{44208309-EFE3-4A6F-B0F8-9013A16B20DF}.Release|x64.ActiveCfg = Release|x64
		{44208309-EFE3-4A6F-B0F8-9013A16B20DF}.Release|x64.Build.0 = Release|x64
		{44208309-EFE3-4A6F-B0F8-9013A16B20DF}.Release|x86.ActiveCfg = Release|x64
		{3EE5137B-C08F-4337-B089-E20A502C2A0C}.Debug|Any CPU.ActiveCfg = Debug|Any CPU
		{3EE5137B-C08F-4337-B089-E20A502C2A0C}.Debug|Any CPU.Build.0 = Debug|Any CPU
		{3EE5137B-C08F-4337-B089-E20A502C2A0C}.Debug|Mixed Platforms.ActiveCfg = Debug|x64
		{3EE5137B-C08F-4337-B089-E20A502C2A0C}.Debug|Mixed Platforms.Build.0 = Debug|x64
		{3EE5137B-C08F-4337-B089-E20A502C2A0C}.Debug|Win32.ActiveCfg = Debug|x64
		{3EE5137B-C08F-4337-B089-E20A502C2A0C}.Debug|x64.ActiveCfg = Debug|x64
		{3EE5137B-C08F-4337-B089-E20A502C2A0C}.Debug|x64.Build.0 = Debug|x64
		{3EE5137B-C08F-4337-B089-E20A502C2A0C}.Debug|x86.ActiveCfg = Debug|x64
		{3EE5137B-C08F-4337-B089-E20A502C2A0C}.Release|Any CPU.ActiveCfg = Release|Any CPU
		{3EE5137B-C08F-4337-B089-E20A502C2A0C}.Release|Any CPU.Build.0 = Release|Any CPU
		{3EE5137B-C08F-4337-B089-E20A502C2A0C}.Release|Mixed Platforms.ActiveCfg = Release|x64
		{3EE5137B-C08F-4337-B089-E20A502C2A0C}.Release|Mixed Platforms.Build.0 = Release|x64
		{3EE5137B-C08F-4337-B089-E20A502C2A0C}.Release|Win32.ActiveCfg = Release|x64
		{3EE5137B-C08F-4337-B089-E20A502C2A0C}.Release|x64.ActiveCfg = Release|x64
		{3EE5137B-C08F-4337-B089-E20A502C2A0C}.Release|x64.Build.0 = Release|x64
		{3EE5137B-C08F-4337-B089-E20A502C2A0C}.Release|x86.ActiveCfg = Release|x64
		{4D2A899B-3674-4288-81A8-C8F11636C2DA}.Debug|Any CPU.ActiveCfg = Debug|Any CPU
		{4D2A899B-3674-4288-81A8-C8F11636C2DA}.Debug|Any CPU.Build.0 = Debug|Any CPU
		{4D2A899B-3674-4288-81A8-C8F11636C2DA}.Debug|Mixed Platforms.ActiveCfg = Debug|x64
		{4D2A899B-3674-4288-81A8-C8F11636C2DA}.Debug|Mixed Platforms.Build.0 = Debug|x64
		{4D2A899B-3674-4288-81A8-C8F11636C2DA}.Debug|Win32.ActiveCfg = Debug|x64
		{4D2A899B-3674-4288-81A8-C8F11636C2DA}.Debug|x64.ActiveCfg = Debug|x64
		{4D2A899B-3674-4288-81A8-C8F11636C2DA}.Debug|x64.Build.0 = Debug|x64
		{4D2A899B-3674-4288-81A8-C8F11636C2DA}.Debug|x86.ActiveCfg = Debug|x64
		{4D2A899B-3674-4288-81A8-C8F11636C2DA}.Release|Any CPU.ActiveCfg = Release|Any CPU
		{4D2A899B-3674-4288-81A8-C8F11636C2DA}.Release|Any CPU.Build.0 = Release|Any CPU
		{4D2A899B-3674-4288-81A8-C8F11636C2DA}.Release|Mixed Platforms.ActiveCfg = Release|x64
		{4D2A899B-3674-4288-81A8-C8F11636C2DA}.Release|Mixed Platforms.Build.0 = Release|x64
		{4D2A899B-3674-4288-81A8-C8F11636C2DA}.Release|Win32.ActiveCfg = Release|x64
		{4D2A899B-3674-4288-81A8-C8F11636C2DA}.Release|x64.ActiveCfg = Release|x64
		{4D2A899B-3674-4288-81A8-C8F11636C2DA}.Release|x64.Build.0 = Release|x64
		{4D2A899B-3674-4288-81A8-C8F11636C2DA}.Release|x86.ActiveCfg = Release|x64
		{FA2C0C9A-6897-41DD-8A32-D29A96B555E6}.Debug|Any CPU.ActiveCfg = Debug|Any CPU
		{FA2C0C9A-6897-41DD-8A32-D29A96B555E6}.Debug|Any CPU.Build.0 = Debug|Any CPU
		{FA2C0C9A-6897-41DD-8A32-D29A96B555E6}.Debug|Mixed Platforms.ActiveCfg = Debug|x64
		{FA2C0C9A-6897-41DD-8A32-D29A96B555E6}.Debug|Mixed Platforms.Build.0 = Debug|x64
		{FA2C0C9A-6897-41DD-8A32-D29A96B555E6}.Debug|Win32.ActiveCfg = Debug|x64
		{FA2C0C9A-6897-41DD-8A32-D29A96B555E6}.Debug|x64.ActiveCfg = Debug|x64
		{FA2C0C9A-6897-41DD-8A32-D29A96B555E6}.Debug|x64.Build.0 = Debug|x64
		{FA2C0C9A-6897-41DD-8A32-D29A96B555E6}.Debug|x86.ActiveCfg = Debug|x64
		{FA2C0C9A-6897-41DD-8A32-D29A96B555E6}.Release|Any CPU.ActiveCfg = Release|Any CPU
		{FA2C0C9A-6897-41DD-8A32-D29A96B555E6}.Release|Any CPU.Build.0 = Release|Any CPU
		{FA2C0C9A-6897-41DD-8A32-D29A96B555E6}.Release|Mixed Platforms.ActiveCfg = Release|x64
		{FA2C0C9A-6897-41DD-8A32-D29A96B555E6}.Release|Mixed Platforms.Build.0 = Release|x64
		{FA2C0C9A-6897-41DD-8A32-D29A96B555E6}.Release|Win32.ActiveCfg = Release|x64
		{FA2C0C9A-6897-41DD-8A32-D29A96B555E6}.Release|x64.ActiveCfg = Release|x64
		{FA2C0C9A-6897-41DD-8A32-D29A96B555E6}.Release|x64.Build.0 = Release|x64
		{FA2C0C9A-6897-41DD-8A32-D29A96B555E6}.Release|x86.ActiveCfg = Release|x64
		{F2085177-9356-43EE-9744-85AA2FFCACEE}.Debug|Any CPU.ActiveCfg = Debug|Any CPU
		{F2085177-9356-43EE-9744-85AA2FFCACEE}.Debug|Any CPU.Build.0 = Debug|Any CPU
		{F2085177-9356-43EE-9744-85AA2FFCACEE}.Debug|Mixed Platforms.ActiveCfg = Debug|x64
		{F2085177-9356-43EE-9744-85AA2FFCACEE}.Debug|Mixed Platforms.Build.0 = Debug|x64
		{F2085177-9356-43EE-9744-85AA2FFCACEE}.Debug|Win32.ActiveCfg = Debug|x64
		{F2085177-9356-43EE-9744-85AA2FFCACEE}.Debug|x64.ActiveCfg = Debug|x64
		{F2085177-9356-43EE-9744-85AA2FFCACEE}.Debug|x64.Build.0 = Debug|x64
		{F2085177-9356-43EE-9744-85AA2FFCACEE}.Debug|x86.ActiveCfg = Debug|x64
		{F2085177-9356-43EE-9744-85AA2FFCACEE}.Release|Any CPU.ActiveCfg = Release|Any CPU
		{F2085177-9356-43EE-9744-85AA2FFCACEE}.Release|Any CPU.Build.0 = Release|Any CPU
		{F2085177-9356-43EE-9744-85AA2FFCACEE}.Release|Mixed Platforms.ActiveCfg = Release|x64
		{F2085177-9356-43EE-9744-85AA2FFCACEE}.Release|Mixed Platforms.Build.0 = Release|x64
		{F2085177-9356-43EE-9744-85AA2FFCACEE}.Release|Win32.ActiveCfg = Release|x64
		{F2085177-9356-43EE-9744-85AA2FFCACEE}.Release|x64.ActiveCfg = Release|x64
		{F2085177-9356-43EE-9744-85AA2FFCACEE}.Release|x64.Build.0 = Release|x64
		{F2085177-9356-43EE-9744-85AA2FFCACEE}.Release|x86.ActiveCfg = Release|x64
		{61DCF1C6-109C-4886-A10A-FEE95DE901CA}.Debug|Any CPU.ActiveCfg = Debug|Any CPU
		{61DCF1C6-109C-4886-A10A-FEE95DE901CA}.Debug|Any CPU.Build.0 = Debug|Any CPU
		{61DCF1C6-109C-4886-A10A-FEE95DE901CA}.Debug|Mixed Platforms.ActiveCfg = Debug|x64
		{61DCF1C6-109C-4886-A10A-FEE95DE901CA}.Debug|Mixed Platforms.Build.0 = Debug|x64
		{61DCF1C6-109C-4886-A10A-FEE95DE901CA}.Debug|Win32.ActiveCfg = Debug|x64
		{61DCF1C6-109C-4886-A10A-FEE95DE901CA}.Debug|x64.ActiveCfg = Debug|x64
		{61DCF1C6-109C-4886-A10A-FEE95DE901CA}.Debug|x64.Build.0 = Debug|x64
		{61DCF1C6-109C-4886-A10A-FEE95DE901CA}.Debug|x86.ActiveCfg = Debug|x64
		{61DCF1C6-109C-4886-A10A-FEE95DE901CA}.Release|Any CPU.ActiveCfg = Release|Any CPU
		{61DCF1C6-109C-4886-A10A-FEE95DE901CA}.Release|Any CPU.Build.0 = Release|Any CPU
		{61DCF1C6-109C-4886-A10A-FEE95DE901CA}.Release|Mixed Platforms.ActiveCfg = Release|x64
		{61DCF1C6-109C-4886-A10A-FEE95DE901CA}.Release|Mixed Platforms.Build.0 = Release|x64
		{61DCF1C6-109C-4886-A10A-FEE95DE901CA}.Release|Win32.ActiveCfg = Release|x64
		{61DCF1C6-109C-4886-A10A-FEE95DE901CA}.Release|x64.ActiveCfg = Release|x64
		{61DCF1C6-109C-4886-A10A-FEE95DE901CA}.Release|x64.Build.0 = Release|x64
		{61DCF1C6-109C-4886-A10A-FEE95DE901CA}.Release|x86.ActiveCfg = Release|x64
		{31CA90A7-1628-493B-A99B-8B9F6899158F}.Debug|Any CPU.ActiveCfg = Debug|Any CPU
		{31CA90A7-1628-493B-A99B-8B9F6899158F}.Debug|Any CPU.Build.0 = Debug|Any CPU
		{31CA90A7-1628-493B-A99B-8B9F6899158F}.Debug|Mixed Platforms.ActiveCfg = Debug|x64
		{31CA90A7-1628-493B-A99B-8B9F6899158F}.Debug|Mixed Platforms.Build.0 = Debug|x64
		{31CA90A7-1628-493B-A99B-8B9F6899158F}.Debug|Win32.ActiveCfg = Debug|x64
		{31CA90A7-1628-493B-A99B-8B9F6899158F}.Debug|x64.ActiveCfg = Debug|x64
		{31CA90A7-1628-493B-A99B-8B9F6899158F}.Debug|x64.Build.0 = Debug|x64
		{31CA90A7-1628-493B-A99B-8B9F6899158F}.Debug|x86.ActiveCfg = Debug|x64
		{31CA90A7-1628-493B-A99B-8B9F6899158F}.Release|Any CPU.ActiveCfg = Release|Any CPU
		{31CA90A7-1628-493B-A99B-8B9F6899158F}.Release|Any CPU.Build.0 = Release|Any CPU
		{31CA90A7-1628-493B-A99B-8B9F6899158F}.Release|Mixed Platforms.ActiveCfg = Release|x64
		{31CA90A7-1628-493B-A99B-8B9F6899158F}.Release|Mixed Platforms.Build.0 = Release|x64
		{31CA90A7-1628-493B-A99B-8B9F6899158F}.Release|Win32.ActiveCfg = Release|x64
		{31CA90A7-1628-493B-A99B-8B9F6899158F}.Release|x64.ActiveCfg = Release|x64
		{31CA90A7-1628-493B-A99B-8B9F6899158F}.Release|x64.Build.0 = Release|x64
		{31CA90A7-1628-493B-A99B-8B9F6899158F}.Release|x86.ActiveCfg = Release|x64
		{1B2B86E7-2F10-42C1-B930-D62C8AC1634D}.Debug|Any CPU.ActiveCfg = Debug|Any CPU
		{1B2B86E7-2F10-42C1-B930-D62C8AC1634D}.Debug|Any CPU.Build.0 = Debug|Any CPU
		{1B2B86E7-2F10-42C1-B930-D62C8AC1634D}.Debug|Mixed Platforms.ActiveCfg = Debug|x64
		{1B2B86E7-2F10-42C1-B930-D62C8AC1634D}.Debug|Mixed Platforms.Build.0 = Debug|x64
		{1B2B86E7-2F10-42C1-B930-D62C8AC1634D}.Debug|Win32.ActiveCfg = Debug|x64
		{1B2B86E7-2F10-42C1-B930-D62C8AC1634D}.Debug|x64.ActiveCfg = Debug|x64
		{1B2B86E7-2F10-42C1-B930-D62C8AC1634D}.Debug|x64.Build.0 = Debug|x64
		{1B2B86E7-2F10-42C1-B930-D62C8AC1634D}.Debug|x86.ActiveCfg = Debug|x64
		{1B2B86E7-2F10-42C1-B930-D62C8AC1634D}.Release|Any CPU.ActiveCfg = Release|Any CPU
		{1B2B86E7-2F10-42C1-B930-D62C8AC1634D}.Release|Any CPU.Build.0 = Release|Any CPU
		{1B2B86E7-2F10-42C1-B930-D62C8AC1634D}.Release|Mixed Platforms.ActiveCfg = Release|x64
		{1B2B86E7-2F10-42C1-B930-D62C8AC1634D}.Release|Mixed Platforms.Build.0 = Release|x64
		{1B2B86E7-2F10-42C1-B930-D62C8AC1634D}.Release|Win32.ActiveCfg = Release|x64
		{1B2B86E7-2F10-42C1-B930-D62C8AC1634D}.Release|x64.ActiveCfg = Release|x64
		{1B2B86E7-2F10-42C1-B930-D62C8AC1634D}.Release|x64.Build.0 = Release|x64
		{1B2B86E7-2F10-42C1-B930-D62C8AC1634D}.Release|x86.ActiveCfg = Release|x64
		{1F9B2E1A-E000-4076-8D38-D995A6A3922C}.Debug|Any CPU.ActiveCfg = Debug|Win32
		{1F9B2E1A-E000-4076-8D38-D995A6A3922C}.Debug|Any CPU.Build.0 = Debug|Win32
		{1F9B2E1A-E000-4076-8D38-D995A6A3922C}.Debug|Mixed Platforms.ActiveCfg = Debug|Win32
		{1F9B2E1A-E000-4076-8D38-D995A6A3922C}.Debug|Mixed Platforms.Build.0 = Debug|Win32
		{1F9B2E1A-E000-4076-8D38-D995A6A3922C}.Debug|Win32.ActiveCfg = Debug|Win32
		{1F9B2E1A-E000-4076-8D38-D995A6A3922C}.Debug|Win32.Build.0 = Debug|Win32
		{1F9B2E1A-E000-4076-8D38-D995A6A3922C}.Debug|x64.ActiveCfg = Debug|Win32
		{1F9B2E1A-E000-4076-8D38-D995A6A3922C}.Debug|x86.ActiveCfg = Debug|Win32
		{1F9B2E1A-E000-4076-8D38-D995A6A3922C}.Release|Any CPU.ActiveCfg = Release|Win32
		{1F9B2E1A-E000-4076-8D38-D995A6A3922C}.Release|Mixed Platforms.ActiveCfg = Release|Win32
		{1F9B2E1A-E000-4076-8D38-D995A6A3922C}.Release|Mixed Platforms.Build.0 = Release|Win32
		{1F9B2E1A-E000-4076-8D38-D995A6A3922C}.Release|Win32.ActiveCfg = Release|Win32
		{1F9B2E1A-E000-4076-8D38-D995A6A3922C}.Release|Win32.Build.0 = Release|Win32
		{1F9B2E1A-E000-4076-8D38-D995A6A3922C}.Release|x64.ActiveCfg = Release|Win32
		{1F9B2E1A-E000-4076-8D38-D995A6A3922C}.Release|x86.ActiveCfg = Release|Win32
		{257201A0-0B65-4EA0-AC04-0B8005AECC37}.Debug|Any CPU.ActiveCfg = Debug|Any CPU
		{257201A0-0B65-4EA0-AC04-0B8005AECC37}.Debug|Any CPU.Build.0 = Debug|Any CPU
		{257201A0-0B65-4EA0-AC04-0B8005AECC37}.Debug|Mixed Platforms.ActiveCfg = Debug|Any CPU
		{257201A0-0B65-4EA0-AC04-0B8005AECC37}.Debug|Mixed Platforms.Build.0 = Debug|Any CPU
		{257201A0-0B65-4EA0-AC04-0B8005AECC37}.Debug|Win32.ActiveCfg = Debug|Any CPU
		{257201A0-0B65-4EA0-AC04-0B8005AECC37}.Debug|x64.ActiveCfg = Debug|Any CPU
		{257201A0-0B65-4EA0-AC04-0B8005AECC37}.Debug|x86.ActiveCfg = Debug|Any CPU
		{257201A0-0B65-4EA0-AC04-0B8005AECC37}.Release|Any CPU.ActiveCfg = Release|Any CPU
		{257201A0-0B65-4EA0-AC04-0B8005AECC37}.Release|Any CPU.Build.0 = Release|Any CPU
		{257201A0-0B65-4EA0-AC04-0B8005AECC37}.Release|Mixed Platforms.ActiveCfg = Release|Any CPU
		{257201A0-0B65-4EA0-AC04-0B8005AECC37}.Release|Mixed Platforms.Build.0 = Release|Any CPU
		{257201A0-0B65-4EA0-AC04-0B8005AECC37}.Release|Win32.ActiveCfg = Release|Any CPU
		{257201A0-0B65-4EA0-AC04-0B8005AECC37}.Release|x64.ActiveCfg = Release|Any CPU
		{257201A0-0B65-4EA0-AC04-0B8005AECC37}.Release|x86.ActiveCfg = Release|Any CPU
		{DFBA2276-2542-4463-A89C-54BA12F0A9C0}.Debug|Any CPU.ActiveCfg = Debug|Any CPU
		{DFBA2276-2542-4463-A89C-54BA12F0A9C0}.Debug|Any CPU.Build.0 = Debug|Any CPU
		{DFBA2276-2542-4463-A89C-54BA12F0A9C0}.Debug|Mixed Platforms.ActiveCfg = Debug|Any CPU
		{DFBA2276-2542-4463-A89C-54BA12F0A9C0}.Debug|Mixed Platforms.Build.0 = Debug|Any CPU
		{DFBA2276-2542-4463-A89C-54BA12F0A9C0}.Debug|Win32.ActiveCfg = Debug|Any CPU
		{DFBA2276-2542-4463-A89C-54BA12F0A9C0}.Debug|x64.ActiveCfg = Debug|Any CPU
		{DFBA2276-2542-4463-A89C-54BA12F0A9C0}.Debug|x86.ActiveCfg = Debug|Any CPU
		{DFBA2276-2542-4463-A89C-54BA12F0A9C0}.Release|Any CPU.ActiveCfg = Release|Any CPU
		{DFBA2276-2542-4463-A89C-54BA12F0A9C0}.Release|Any CPU.Build.0 = Release|Any CPU
		{DFBA2276-2542-4463-A89C-54BA12F0A9C0}.Release|Mixed Platforms.ActiveCfg = Release|Any CPU
		{DFBA2276-2542-4463-A89C-54BA12F0A9C0}.Release|Mixed Platforms.Build.0 = Release|Any CPU
		{DFBA2276-2542-4463-A89C-54BA12F0A9C0}.Release|Win32.ActiveCfg = Release|Any CPU
		{DFBA2276-2542-4463-A89C-54BA12F0A9C0}.Release|x64.ActiveCfg = Release|Any CPU
		{DFBA2276-2542-4463-A89C-54BA12F0A9C0}.Release|x86.ActiveCfg = Release|Any CPU
		{1816E1F1-8765-4AEA-BEF4-0E80E50C8399}.Debug|Any CPU.ActiveCfg = Debug|Any CPU
		{1816E1F1-8765-4AEA-BEF4-0E80E50C8399}.Debug|Any CPU.Build.0 = Debug|Any CPU
		{1816E1F1-8765-4AEA-BEF4-0E80E50C8399}.Debug|Mixed Platforms.ActiveCfg = Debug|Any CPU
		{1816E1F1-8765-4AEA-BEF4-0E80E50C8399}.Debug|Mixed Platforms.Build.0 = Debug|Any CPU
		{1816E1F1-8765-4AEA-BEF4-0E80E50C8399}.Debug|Win32.ActiveCfg = Debug|Any CPU
		{1816E1F1-8765-4AEA-BEF4-0E80E50C8399}.Debug|x64.ActiveCfg = Debug|Any CPU
		{1816E1F1-8765-4AEA-BEF4-0E80E50C8399}.Debug|x86.ActiveCfg = Debug|Any CPU
		{1816E1F1-8765-4AEA-BEF4-0E80E50C8399}.Release|Any CPU.ActiveCfg = Release|Any CPU
		{1816E1F1-8765-4AEA-BEF4-0E80E50C8399}.Release|Any CPU.Build.0 = Release|Any CPU
		{1816E1F1-8765-4AEA-BEF4-0E80E50C8399}.Release|Mixed Platforms.ActiveCfg = Release|Any CPU
		{1816E1F1-8765-4AEA-BEF4-0E80E50C8399}.Release|Mixed Platforms.Build.0 = Release|Any CPU
		{1816E1F1-8765-4AEA-BEF4-0E80E50C8399}.Release|Win32.ActiveCfg = Release|Any CPU
		{1816E1F1-8765-4AEA-BEF4-0E80E50C8399}.Release|x64.ActiveCfg = Release|Any CPU
		{1816E1F1-8765-4AEA-BEF4-0E80E50C8399}.Release|x86.ActiveCfg = Release|Any CPU
		{3AF99109-1895-41C3-A070-1D004E5A40EB}.Debug|Any CPU.ActiveCfg = Debug|Any CPU
		{3AF99109-1895-41C3-A070-1D004E5A40EB}.Debug|Any CPU.Build.0 = Debug|Any CPU
		{3AF99109-1895-41C3-A070-1D004E5A40EB}.Debug|Mixed Platforms.ActiveCfg = Debug|Any CPU
		{3AF99109-1895-41C3-A070-1D004E5A40EB}.Debug|Mixed Platforms.Build.0 = Debug|Any CPU
		{3AF99109-1895-41C3-A070-1D004E5A40EB}.Debug|Win32.ActiveCfg = Debug|Any CPU
		{3AF99109-1895-41C3-A070-1D004E5A40EB}.Debug|x64.ActiveCfg = Debug|Any CPU
		{3AF99109-1895-41C3-A070-1D004E5A40EB}.Debug|x86.ActiveCfg = Debug|Any CPU
		{3AF99109-1895-41C3-A070-1D004E5A40EB}.Release|Any CPU.ActiveCfg = Release|Any CPU
		{3AF99109-1895-41C3-A070-1D004E5A40EB}.Release|Any CPU.Build.0 = Release|Any CPU
		{3AF99109-1895-41C3-A070-1D004E5A40EB}.Release|Mixed Platforms.ActiveCfg = Release|Any CPU
		{3AF99109-1895-41C3-A070-1D004E5A40EB}.Release|Mixed Platforms.Build.0 = Release|Any CPU
		{3AF99109-1895-41C3-A070-1D004E5A40EB}.Release|Win32.ActiveCfg = Release|Any CPU
		{3AF99109-1895-41C3-A070-1D004E5A40EB}.Release|x64.ActiveCfg = Release|Any CPU
		{3AF99109-1895-41C3-A070-1D004E5A40EB}.Release|x86.ActiveCfg = Release|Any CPU
	EndGlobalSection
	GlobalSection(SolutionProperties) = preSolution
		HideSolutionNode = FALSE
	EndGlobalSection
	GlobalSection(NestedProjects) = preSolution
		{E79833DB-B2D2-4781-B0FC-79E85DA95BE5} = {39258658-C7D2-4BA8-998A-50256FCB46B5}
		{9BD4922B-BEC0-4140-8600-35571A479EB2} = {39258658-C7D2-4BA8-998A-50256FCB46B5}
		{61DCF1C6-109C-4886-A10A-FEE95DE901CA} = {39258658-C7D2-4BA8-998A-50256FCB46B5}
		{F59DB5BA-CD9F-45D1-B879-4A7661A3FB0A} = {F486BF8B-E23F-4BE4-B837-9ABC8A5F3BEE}
		{6E1496AB-268A-4EA2-99B3-726162F019F1} = {F486BF8B-E23F-4BE4-B837-9ABC8A5F3BEE}
		{6EEC2717-FB0D-42D7-BABA-D2C024074B4F} = {F486BF8B-E23F-4BE4-B837-9ABC8A5F3BEE}
		{72729DA3-9933-4C3D-91C6-2CF0336D6493} = {F486BF8B-E23F-4BE4-B837-9ABC8A5F3BEE}
		{6ECA5199-A497-4BF2-B956-CEB3F0912C17} = {70C59CBB-5228-4CA6-9065-AFD09708840A}
		{2D9452D4-316F-405B-B124-006048F5EED9} = {A153282B-0370-4B36-A0E0-E3FD0B30F16E}
		{44208309-EFE3-4A6F-B0F8-9013A16B20DF} = {2D9452D4-316F-405B-B124-006048F5EED9}
		{FE898E65-DAFF-435D-9A72-4C9D3306636A} = {2D9452D4-316F-405B-B124-006048F5EED9}
		{1F9B2E1A-E000-4076-8D38-D995A6A3922C} = {2D9452D4-316F-405B-B124-006048F5EED9}
		{3EE5137B-C08F-4337-B089-E20A502C2A0C} = {B48DC58F-AF29-427D-B363-0C7DFD067380}
		{4D2A899B-3674-4288-81A8-C8F11636C2DA} = {B48DC58F-AF29-427D-B363-0C7DFD067380}
		{FA2C0C9A-6897-41DD-8A32-D29A96B555E6} = {B48DC58F-AF29-427D-B363-0C7DFD067380}
		{F2085177-9356-43EE-9744-85AA2FFCACEE} = {B48DC58F-AF29-427D-B363-0C7DFD067380}
		{257201A0-0B65-4EA0-AC04-0B8005AECC37} = {177E57E6-64C4-4C85-A970-958E6E13B4C7}
		{31CA90A7-1628-493B-A99B-8B9F6899158F} = {177E57E6-64C4-4C85-A970-958E6E13B4C7}
		{1816E1F1-8765-4AEA-BEF4-0E80E50C8399} = {0B0C3B04-AD57-4B34-AF8E-6103DF032D4B}
		{1B2B86E7-2F10-42C1-B930-D62C8AC1634D} = {540C123B-E0EE-460A-B727-99C5DDAE6740}
		{3AF99109-1895-41C3-A070-1D004E5A40EB} = {540C123B-E0EE-460A-B727-99C5DDAE6740}
	EndGlobalSection
EndGlobal
